
Microsoft Visual Studio Solution File, Format Version 12.00
# Visual Studio Version 17
VisualStudioVersion = 17.2.32616.157
MinimumVisualStudioVersion = 10.0.40219.1
Project("{FAE04EC0-301F-11D3-BF4B-00C04F79EFBC}") = "ExRedis", "ExRedis.csproj", "{114DC686-B0D7-49C2-920C-8FABDEC39D5E}"
EndProject
Global
	GlobalSection(SolutionConfigurationPlatforms) = preSolution
		Debug|Any CPU = Debug|Any CPU
		Release|Any CPU = Release|Any CPU
	EndGlobalSection
	GlobalSection(ProjectConfigurationPlatforms) = postSolution
		{114DC686-B0D7-49C2-920C-8FABDEC39D5E}.Debug|Any CPU.ActiveCfg = Debug|Any CPU
		{114DC686-B0D7-49C2-920C-8FABDEC39D5E}.Debug|Any CPU.Build.0 = Debug|Any CPU
		{114DC686-B0D7-49C2-920C-8FABDEC39D5E}.Release|Any CPU.ActiveCfg = Release|Any CPU
		{114DC686-B0D7-49C2-920C-8FABDEC39D5E}.Release|Any CPU.Build.0 = Release|Any CPU
	EndGlobalSection
	GlobalSection(SolutionProperties) = preSolution
		HideSolutionNode = FALSE
	EndGlobalSection
	GlobalSection(ExtensibilityGlobals) = postSolution
		SolutionGuid = {30284D09-E9E6-4069-9280-EF64ADD42588}
	EndGlobalSection
EndGlobal
